
Microsoft Visual Studio Solution File, Format Version 12.00
# Visual Studio Version 16
VisualStudioVersion = 16.0.28803.452
MinimumVisualStudioVersion = 10.0.40219.1
Project("{FAE04EC0-301F-11D3-BF4B-00C04F79EFBC}") = "QLBH", "QLBH\QLBH.csproj", "{AB9E0F27-6671-442D-A1C9-622B0F2C43A3}"
EndProject
Project("{FAE04EC0-301F-11D3-BF4B-00C04F79EFBC}") = "DAL", "DAL\DAL.csproj", "{666DE6A6-8EF5-422A-8392-3148E6BF3B5F}"
EndProject
Project("{FAE04EC0-301F-11D3-BF4B-00C04F79EFBC}") = "BLL", "BLL\BLL.csproj", "{56171DD2-CA2C-49CC-8EAA-2C0C5D12F0D7}"
EndProject
Global
	GlobalSection(SolutionConfigurationPlatforms) = preSolution
		Debug|Any CPU = Debug|Any CPU
		Release|Any CPU = Release|Any CPU
	EndGlobalSection
	GlobalSection(ProjectConfigurationPlatforms) = postSolution
		{AB9E0F27-6671-442D-A1C9-622B0F2C43A3}.Debug|Any CPU.ActiveCfg = Debug|Any CPU
		{AB9E0F27-6671-442D-A1C9-622B0F2C43A3}.Debug|Any CPU.Build.0 = Debug|Any CPU
		{AB9E0F27-6671-442D-A1C9-622B0F2C43A3}.Release|Any CPU.ActiveCfg = Release|Any CPU
		{AB9E0F27-6671-442D-A1C9-622B0F2C43A3}.Release|Any CPU.Build.0 = Release|Any CPU
		{666DE6A6-8EF5-422A-8392-3148E6BF3B5F}.Debug|Any CPU.ActiveCfg = Debug|Any CPU
		{666DE6A6-8EF5-422A-8392-3148E6BF3B5F}.Debug|Any CPU.Build.0 = Debug|Any CPU
		{666DE6A6-8EF5-422A-8392-3148E6BF3B5F}.Release|Any CPU.ActiveCfg = Release|Any CPU
		{666DE6A6-8EF5-422A-8392-3148E6BF3B5F}.Release|Any CPU.Build.0 = Release|Any CPU
		{56171DD2-CA2C-49CC-8EAA-2C0C5D12F0D7}.Debug|Any CPU.ActiveCfg = Debug|Any CPU
		{56171DD2-CA2C-49CC-8EAA-2C0C5D12F0D7}.Debug|Any CPU.Build.0 = Debug|Any CPU
		{56171DD2-CA2C-49CC-8EAA-2C0C5D12F0D7}.Release|Any CPU.ActiveCfg = Release|Any CPU
		{56171DD2-CA2C-49CC-8EAA-2C0C5D12F0D7}.Release|Any CPU.Build.0 = Release|Any CPU
	EndGlobalSection
	GlobalSection(SolutionProperties) = preSolution
		HideSolutionNode = FALSE
	EndGlobalSection
	GlobalSection(ExtensibilityGlobals) = postSolution
		SolutionGuid = {1DFF4B28-B7D2-4038-BFE3-2103A4C89C3B}
	EndGlobalSection
EndGlobal
